{
    "_meta": {
        "hash": {
            "sha256": "e82fafcebd7ff66b981d71d7a625cdee6986acb967ec5b53d2f1bc2f3ae46571"
        },
        "pipfile-spec": 6,
        "requires": {},
        "sources": [
            {
                "name": "pypi",
                "url": "https://pypi.python.org/simple",
                "verify_ssl": true
            }
        ]
    },
    "default": {
        "attrs": {
            "hashes": [
                "sha256:29e95c7f6778868dbd49170f98f8818f78f3dc5e0e37c0b1f474e3561b240836",
                "sha256:c9227bfc2f01993c03f68db37d1d15c9690188323c067c641f1a35ca58185f99"
            ],
            "index": "pypi",
            "version": "==22.2.0"
        },
        "cattrs": {
            "hashes": [
                "sha256:bc12b1f0d000b9f9bee83335887d532a1d3e99a833d1bf0882151c97d3e68c21",
                "sha256:f0eed5642399423cf656e7b66ce92cdc5b963ecafd041d1b24d136fdde7acf6d"
            ],
            "index": "pypi",
            "version": "==22.2.0"
        },
        "exceptiongroup": {
            "hashes": [
                "sha256:232c37c63e4f682982c8b6459f33a8981039e5fb8756b2074364e5055c498c9e",
                "sha256:d484c3090ba2889ae2928419117447a14daf3c1231d5e30d0aae34f354f01785"
            ],
            "markers": "python_version < '3.11'",
            "version": "==1.1.1"
        },
        "pycairo": {
            "hashes": [
                "sha256:1a6d8e0f353062ad92954784e33dbbaf66c880c9c30e947996c542ed9748aaaf",
                "sha256:2dec5378133778961993fb59d66df16070e03f4d491b67eb695ca9ad7a696008",
                "sha256:3a71f758e461180d241e62ef52e85499c843bd2660fd6d87cec99c9833792bfa",
                "sha256:564601e5f528531c6caec1c0177c3d0709081e1a2a5cccc13561f715080ae535",
                "sha256:82e335774a17870bc038e0c2fb106c1e5e7ad0c764662023886dfcfce5bb5a52",
                "sha256:87efd62a7b7afad9a0a420f05b6008742a6cfc59077697be65afe8dc73ae15ad",
                "sha256:9b61ac818723adc04367301317eb2e814a83522f07bbd1f409af0dada463c44c",
                "sha256:a4b1f525bbdf637c40f4d91378de36c01ec2b7f8ecc585b700a079b9ff83298e",
                "sha256:d6bacff15d688ed135b4567965a4b664d9fb8de7417a7865bb138ad612043c9f",
                "sha256:e7cde633986435d87a86b6118b7b6109c384266fd719ef959883e2729f6eafae",
                "sha256:ec305fc7f2f0299df78aadec0eaf6eb9accb90eda242b5d3492544d3f2b28027"
            ],
            "markers": "python_version >= '3.7'",
            "version": "==1.23.0"
        },
        "pygobject": {
            "hashes": [
                "sha256:34c21bdca7aeaa602980dc51c11bb31ec300753975a66d5d41cb67e619e6835b"
            ],
            "index": "pypi",
            "version": "==3.44.0"
        },
        "pyparsing": {
            "hashes": [
                "sha256:2b020ecf7d21b687f219b71ecad3631f644a47f01403fa1d1036b0c6416d70fb",
                "sha256:5026bae9a10eeaefb61dab2f09052b9f4307d44aee4eda64b309723d8d206bbc"
            ],
            "index": "pypi",
            "version": "==3.0.9"
        }
    },
    "develop": {
        "mypy": {
            "hashes": [
                "sha256:0a28a76785bf57655a8ea5eb0540a15b0e781c807b5aa798bd463779988fa1d5",
                "sha256:19ba15f9627a5723e522d007fe708007bae52b93faab00f95d72f03e1afa9598",
                "sha256:21b437be1c02712a605591e1ed1d858aba681757a1e55fe678a15c2244cd68a5",
                "sha256:26cdd6a22b9b40b2fd71881a8a4f34b4d7914c679f154f43385ca878a8297389",
                "sha256:2888ce4fe5aae5a673386fa232473014056967f3904f5abfcf6367b5af1f612a",
                "sha256:2b0c373d071593deefbcdd87ec8db91ea13bd8f1328d44947e88beae21e8d5e9",
                "sha256:315ac73cc1cce4771c27d426b7ea558fb4e2836f89cb0296cbe056894e3a1f78",
                "sha256:39c7119335be05630611ee798cc982623b9e8f0cff04a0b48dfc26100e0b97af",
                "sha256:4b398d8b1f4fba0e3c6463e02f8ad3346f71956b92287af22c9b12c3ec965a9f",
                "sha256:4e4e8b362cdf99ba00c2b218036002bdcdf1e0de085cdb296a49df03fb31dfc4",
                "sha256:59bbd71e5c58eed2e992ce6523180e03c221dcd92b52f0e792f291d67b15a71c",
                "sha256:5b5f81b40d94c785f288948c16e1f2da37203c6006546c5d947aab6f90aefef2",
                "sha256:5cb14ff9919b7df3538590fc4d4c49a0f84392237cbf5f7a816b4161c061829e",
                "sha256:61bf08362e93b6b12fad3eab68c4ea903a077b87c90ac06c11e3d7a09b56b9c1",
                "sha256:64cc3afb3e9e71a79d06e3ed24bb508a6d66f782aff7e56f628bf35ba2e0ba51",
                "sha256:69b35d1dcb5707382810765ed34da9db47e7f95b3528334a3c999b0c90fe523f",
                "sha256:9401e33814cec6aec8c03a9548e9385e0e228fc1b8b0a37b9ea21038e64cdd8a",
                "sha256:a380c041db500e1410bb5b16b3c1c35e61e773a5c3517926b81dfdab7582be54",
                "sha256:ae9ceae0f5b9059f33dbc62dea087e942c0ccab4b7a003719cb70f9b8abfa32f",
                "sha256:b7c7b708fe9a871a96626d61912e3f4ddd365bf7f39128362bc50cbd74a634d5",
                "sha256:c1c10fa12df1232c936830839e2e935d090fc9ee315744ac33b8a32216b93707",
                "sha256:ce61663faf7a8e5ec6f456857bfbcec2901fbdb3ad958b778403f63b9e606a1b",
                "sha256:d64c28e03ce40d5303450f547e07418c64c241669ab20610f273c9e6290b4b0b",
                "sha256:d809f88734f44a0d44959d795b1e6f64b2bbe0ea4d9cc4776aa588bb4229fc1c",
                "sha256:dbb19c9f662e41e474e0cff502b7064a7edc6764f5262b6cd91d698163196799",
                "sha256:ef6a01e563ec6a4940784c574d33f6ac1943864634517984471642908b30b6f7"
            ],
            "index": "pypi",
            "version": "==1.1.1"
        },
        "mypy-extensions": {
            "hashes": [
                "sha256:4392f6c0eb8a5668a69e23d168ffa70f0be9ccfd32b5cc2d26a34ae5b844552d",
                "sha256:75dbf8955dc00442a438fc4d0666508a9a97b6bd41aa2f0ffe9d2f2725af0782"
            ],
            "markers": "python_version >= '3.5'",
            "version": "==1.0.0"
        },
        "pygobject-stubs": {
            "hashes": [
                "sha256:b8fe4e4adeb28e15436b3e9c8be648d1e5c43261a195166702729ab4cf3b8943"
            ],
            "index": "pypi",
            "version": "==2.5.0"
        },
        "tomli": {
            "hashes": [
                "sha256:939de3e7a6161af0c887ef91b7d41a53e7c5a1ca976325f429cb46ea9bc30ecc",
                "sha256:de526c12914f0c550d15924c62d72abc48d6fe7364aa87328337a31007fe8a4f"
            ],
            "markers": "python_version < '3.11'",
            "version": "==2.0.1"
        },
        "typing-extensions": {
            "hashes": [
                "sha256:5cb5f4a79139d699607b3ef622a1dedafa84e115ab0024e0d9c044a9479ca7cb",
                "sha256:fb33085c39dd998ac16d1431ebc293a8b3eedd00fd4a32de0ff79002c19511b4"
            ],
            "markers": "python_version >= '3.7'",
            "version": "==4.5.0"
        }
    }
}
